
Microsoft Visual Studio Solution File, Format Version 12.00
# Visual Studio 15
VisualStudioVersion = 15.0.27428.2043
MinimumVisualStudioVersion = 10.0.40219.1
Project("{FAE04EC0-301F-11D3-BF4B-00C04F79EFBC}") = "HW_2_2_Tishkov_Sergei", "HW_2_2_Tishkov_Sergei\HW_2_2_Tishkov_Sergei.csproj", "{C53DE7FD-34D5-481C-87FC-ACCEAC69A541}"
EndProject
Project("{FAE04EC0-301F-11D3-BF4B-00C04F79EFBC}") = "BankHW", "BankHW\BankHW.csproj", "{95EF68C1-2D4D-4809-BEE8-7587CAEBECA5}"
EndProject
Project("{FAE04EC0-301F-11D3-BF4B-00C04F79EFBC}") = "UniverHW", "UniverHW\UniverHW.csproj", "{2DC5C88F-A316-41DF-B5AB-C1A09FBFBDE1}"
EndProject
Global
	GlobalSection(SolutionConfigurationPlatforms) = preSolution
		Debug|Any CPU = Debug|Any CPU
		Release|Any CPU = Release|Any CPU
	EndGlobalSection
	GlobalSection(ProjectConfigurationPlatforms) = postSolution
		{C53DE7FD-34D5-481C-87FC-ACCEAC69A541}.Debug|Any CPU.ActiveCfg = Debug|Any CPU
		{C53DE7FD-34D5-481C-87FC-ACCEAC69A541}.Debug|Any CPU.Build.0 = Debug|Any CPU
		{C53DE7FD-34D5-481C-87FC-ACCEAC69A541}.Release|Any CPU.ActiveCfg = Release|Any CPU
		{C53DE7FD-34D5-481C-87FC-ACCEAC69A541}.Release|Any CPU.Build.0 = Release|Any CPU
		{95EF68C1-2D4D-4809-BEE8-7587CAEBECA5}.Debug|Any CPU.ActiveCfg = Debug|Any CPU
		{95EF68C1-2D4D-4809-BEE8-7587CAEBECA5}.Debug|Any CPU.Build.0 = Debug|Any CPU
		{95EF68C1-2D4D-4809-BEE8-7587CAEBECA5}.Release|Any CPU.ActiveCfg = Release|Any CPU
		{95EF68C1-2D4D-4809-BEE8-7587CAEBECA5}.Release|Any CPU.Build.0 = Release|Any CPU
		{2DC5C88F-A316-41DF-B5AB-C1A09FBFBDE1}.Debug|Any CPU.ActiveCfg = Debug|Any CPU
		{2DC5C88F-A316-41DF-B5AB-C1A09FBFBDE1}.Debug|Any CPU.Build.0 = Debug|Any CPU
		{2DC5C88F-A316-41DF-B5AB-C1A09FBFBDE1}.Release|Any CPU.ActiveCfg = Release|Any CPU
		{2DC5C88F-A316-41DF-B5AB-C1A09FBFBDE1}.Release|Any CPU.Build.0 = Release|Any CPU
	EndGlobalSection
	GlobalSection(SolutionProperties) = preSolution
		HideSolutionNode = FALSE
	EndGlobalSection
	GlobalSection(ExtensibilityGlobals) = postSolution
		SolutionGuid = {9C957274-95F8-42B3-892D-2C4BAED33BCE}
	EndGlobalSection
EndGlobal
