
Microsoft Visual Studio Solution File, Format Version 12.00
# Visual Studio 15
VisualStudioVersion = 15.0.27428.2043
MinimumVisualStudioVersion = 10.0.40219.1
Project("{FAE04EC0-301F-11D3-BF4B-00C04F79EFBC}") = "EventsHW", "EventsHW\EventsHW.csproj", "{D992D10E-2A2A-4EFE-8A43-248E700B4078}"
EndProject
Global
	GlobalSection(SolutionConfigurationPlatforms) = preSolution
		Debug|Any CPU = Debug|Any CPU
		Release|Any CPU = Release|Any CPU
	EndGlobalSection
	GlobalSection(ProjectConfigurationPlatforms) = postSolution
		{D992D10E-2A2A-4EFE-8A43-248E700B4078}.Debug|Any CPU.ActiveCfg = Debug|Any CPU
		{D992D10E-2A2A-4EFE-8A43-248E700B4078}.Debug|Any CPU.Build.0 = Debug|Any CPU
		{D992D10E-2A2A-4EFE-8A43-248E700B4078}.Release|Any CPU.ActiveCfg = Release|Any CPU
		{D992D10E-2A2A-4EFE-8A43-248E700B4078}.Release|Any CPU.Build.0 = Release|Any CPU
	EndGlobalSection
	GlobalSection(SolutionProperties) = preSolution
		HideSolutionNode = FALSE
	EndGlobalSection
	GlobalSection(ExtensibilityGlobals) = postSolution
		SolutionGuid = {DE1BA3B1-123D-41D7-9BA9-E885B7FC85D7}
	EndGlobalSection
EndGlobal
